
Microsoft Visual Studio Solution File, Format Version 12.00
# Visual Studio Version 16
VisualStudioVersion = 16.0.30114.105
MinimumVisualStudioVersion = 10.0.40219.1
Project("{FAE04EC0-301F-11D3-BF4B-00C04F79EFBC}") = "MediaKeeper", "MediaKeeper.csproj", "{1CD0F41D-C94B-43F3-ABE3-5F76ADFB5E5A}"
EndProject
Global
	GlobalSection(SolutionConfigurationPlatforms) = preSolution
		Debug|Any CPU = Debug|Any CPU
		Release|Any CPU = Release|Any CPU
	EndGlobalSection
	GlobalSection(ProjectConfigurationPlatforms) = postSolution
		{1CD0F41D-C94B-43F3-ABE3-5F76ADFB5E5A}.Debug|Any CPU.ActiveCfg = Debug|Any CPU
		{1CD0F41D-C94B-43F3-ABE3-5F76ADFB5E5A}.Debug|Any CPU.Build.0 = Debug|Any CPU
		{1CD0F41D-C94B-43F3-ABE3-5F76ADFB5E5A}.Release|Any CPU.ActiveCfg = Release|Any CPU
		{1CD0F41D-C94B-43F3-ABE3-5F76ADFB5E5A}.Release|Any CPU.Build.0 = Release|Any CPU
	EndGlobalSection
	GlobalSection(SolutionProperties) = preSolution
		HideSolutionNode = FALSE
	EndGlobalSection
	GlobalSection(ExtensibilityGlobals) = postSolution
		SolutionGuid = {2E09B0CB-8F27-4C34-B313-23F208853413}
	EndGlobalSection
EndGlobal
